// !$*UTF8*$!
{
	archiveVersion = 1;
	classes = {
	};
	objectVersion = 46;
	objects = {

/* Begin PBXBuildFile section */
		275FAC1B1B127B7300B0A162 /* testApp.cpp in Sources */ = {isa = PBXBuildFile; fileRef = 275FAC191B127B7300B0A162 /* testApp.cpp */; };
		275FAC461B127BA500B0A162 /* ETF.cpp in Sources */ = {isa = PBXBuildFile; fileRef = 275FAC291B127BA500B0A162 /* ETF.cpp */; };
		275FAC471B127BA500B0A162 /* fdog.cpp in Sources */ = {isa = PBXBuildFile; fileRef = 275FAC2A1B127BA500B0A162 /* fdog.cpp */; };
		275FAC481B127BA500B0A162 /* Calibration.cpp in Sources */ = {isa = PBXBuildFile; fileRef = 275FAC3A1B127BA500B0A162 /* Calibration.cpp */; };
		275FAC491B127BA500B0A162 /* ContourFinder.cpp in Sources */ = {isa = PBXBuildFile; fileRef = 275FAC3B1B127BA500B0A162 /* ContourFinder.cpp */; };
		275FAC4A1B127BA500B0A162 /* Distance.cpp in Sources */ = {isa = PBXBuildFile; fileRef = 275FAC3C1B127BA500B0A162 /* Distance.cpp */; };
		275FAC4B1B127BA500B0A162 /* Flow.cpp in Sources */ = {isa = PBXBuildFile; fileRef = 275FAC3D1B127BA500B0A162 /* Flow.cpp */; };
		275FAC4C1B127BA500B0A162 /* Helpers.cpp in Sources */ = {isa = PBXBuildFile; fileRef = 275FAC3E1B127BA500B0A162 /* Helpers.cpp */; };
		275FAC4D1B127BA500B0A162 /* Kalman.cpp in Sources */ = {isa = PBXBuildFile; fileRef = 275FAC3F1B127BA500B0A162 /* Kalman.cpp */; };
		275FAC4E1B127BA500B0A162 /* ObjectFinder.cpp in Sources */ = {isa = PBXBuildFile; fileRef = 275FAC401B127BA500B0A162 /* ObjectFinder.cpp */; };
		275FAC4F1B127BA500B0A162 /* RunningBackground.cpp in Sources */ = {isa = PBXBuildFile; fileRef = 275FAC411B127BA500B0A162 /* RunningBackground.cpp */; };
		275FAC501B127BA500B0A162 /* Tracker.cpp in Sources */ = {isa = PBXBuildFile; fileRef = 275FAC421B127BA500B0A162 /* Tracker.cpp */; };
		275FAC511B127BA500B0A162 /* Utilities.cpp in Sources */ = {isa = PBXBuildFile; fileRef = 275FAC431B127BA500B0A162 /* Utilities.cpp */; };
		275FAC521B127BA500B0A162 /* Wrappers.cpp in Sources */ = {isa = PBXBuildFile; fileRef = 275FAC441B127BA500B0A162 /* Wrappers.cpp */; };
		275FAC531B127BA500B0A162 /* opencv.a in Frameworks */ = {isa = PBXBuildFile; fileRef = 275FAC451B127BA500B0A162 /* opencv.a */; };
		275FAC791B127BA900B0A162 /* Expression.cpp in Sources */ = {isa = PBXBuildFile; fileRef = 275FAC561B127BA900B0A162 /* Expression.cpp */; };
		275FAC7A1B127BA900B0A162 /* ExpressionClassifier.cpp in Sources */ = {isa = PBXBuildFile; fileRef = 275FAC581B127BA900B0A162 /* ExpressionClassifier.cpp */; };
		275FAC7B1B127BA900B0A162 /* ofxFaceTracker.cpp in Sources */ = {isa = PBXBuildFile; fileRef = 275FAC5A1B127BA900B0A162 /* ofxFaceTracker.cpp */; };
		275FAC7C1B127BA900B0A162 /* license.md in Sources */ = {isa = PBXBuildFile; fileRef = 275FAC691B127BA900B0A162 /* license.md */; };
		275FAC7D1B127BA900B0A162 /* CLM.cc in Sources */ = {isa = PBXBuildFile; fileRef = 275FAC711B127BA900B0A162 /* CLM.cc */; };
		275FAC7E1B127BA900B0A162 /* FCheck.cc in Sources */ = {isa = PBXBuildFile; fileRef = 275FAC721B127BA900B0A162 /* FCheck.cc */; };
		275FAC7F1B127BA900B0A162 /* FDet.cc in Sources */ = {isa = PBXBuildFile; fileRef = 275FAC731B127BA900B0A162 /* FDet.cc */; };
		275FAC801B127BA900B0A162 /* IO.cc in Sources */ = {isa = PBXBuildFile; fileRef = 275FAC741B127BA900B0A162 /* IO.cc */; };
		275FAC811B127BA900B0A162 /* Patch.cc in Sources */ = {isa = PBXBuildFile; fileRef = 275FAC751B127BA900B0A162 /* Patch.cc */; };
		275FAC821B127BA900B0A162 /* PAW.cc in Sources */ = {isa = PBXBuildFile; fileRef = 275FAC761B127BA900B0A162 /* PAW.cc */; };
		275FAC831B127BA900B0A162 /* PDM.cc in Sources */ = {isa = PBXBuildFile; fileRef = 275FAC771B127BA900B0A162 /* PDM.cc */; };
		275FAC841B127BA900B0A162 /* Tracker.cc in Sources */ = {isa = PBXBuildFile; fileRef = 275FAC781B127BA900B0A162 /* Tracker.cc */; };
		275FAC871B127C4300B0A162 /* Clone.cpp in Sources */ = {isa = PBXBuildFile; fileRef = 275FAC851B127C4300B0A162 /* Clone.cpp */; };
		BBAB23CB13894F3D00AA2426 /* GLUT.framework in CopyFiles */ = {isa = PBXBuildFile; fileRef = BBAB23BE13894E4700AA2426 /* GLUT.framework */; };
		CA54E0911B4C7CBF00590FD8 /* Syphon.framework in Frameworks */ = {isa = PBXBuildFile; fileRef = CA54E07B1B4C7B9700590FD8 /* Syphon.framework */; };
		CA54E0921B4C7CBF00590FD8 /* Syphon.framework in CopyFiles */ = {isa = PBXBuildFile; fileRef = CA54E07B1B4C7B9700590FD8 /* Syphon.framework */; settings = {ATTRIBUTES = (CodeSignOnCopy, RemoveHeadersOnCopy, ); }; };
		CA54E0931B4C7D2200590FD8 /* SyphonNameboundClient.m in Sources */ = {isa = PBXBuildFile; fileRef = CA54E07E1B4C7B9700590FD8 /* SyphonNameboundClient.m */; };
		CA54E0941B4C7D2200590FD8 /* ofxSyphonClient.mm in Sources */ = {isa = PBXBuildFile; fileRef = CA54E0841B4C7B9700590FD8 /* ofxSyphonClient.mm */; };
		CA54E0951B4C7D2200590FD8 /* ofxSyphonServer.mm in Sources */ = {isa = PBXBuildFile; fileRef = CA54E0861B4C7B9700590FD8 /* ofxSyphonServer.mm */; };
		CA54E0961B4C7D2200590FD8 /* ofxSyphonServerDirectory.mm in Sources */ = {isa = PBXBuildFile; fileRef = CA54E0881B4C7B9700590FD8 /* ofxSyphonServerDirectory.mm */; };
		CA54E0C21B4C80BD00590FD8 /* OscOutboundPacketStream.cpp in Sources */ = {isa = PBXBuildFile; fileRef = CA54E0AC1B4C80A100590FD8 /* OscOutboundPacketStream.cpp */; };
		CA54E0C31B4C80BD00590FD8 /* OscPrintReceivedElements.cpp in Sources */ = {isa = PBXBuildFile; fileRef = CA54E0AF1B4C80A100590FD8 /* OscPrintReceivedElements.cpp */; };
		CA54E0C41B4C80BD00590FD8 /* OscReceivedElements.cpp in Sources */ = {isa = PBXBuildFile; fileRef = CA54E0B11B4C80A100590FD8 /* OscReceivedElements.cpp */; };
		CA54E0C51B4C80BD00590FD8 /* OscTypes.cpp in Sources */ = {isa = PBXBuildFile; fileRef = CA54E0B31B4C80A100590FD8 /* OscTypes.cpp */; };
		CA54E0C61B4C80BD00590FD8 /* ofxOscBundle.cpp in Sources */ = {isa = PBXBuildFile; fileRef = CA54E0B81B4C80A100590FD8 /* ofxOscBundle.cpp */; };
		CA54E0C71B4C80BD00590FD8 /* ofxOscMessage.cpp in Sources */ = {isa = PBXBuildFile; fileRef = CA54E0BA1B4C80A100590FD8 /* ofxOscMessage.cpp */; };
		CA54E0C81B4C80BD00590FD8 /* ofxOscParameterSync.cpp in Sources */ = {isa = PBXBuildFile; fileRef = CA54E0BC1B4C80A100590FD8 /* ofxOscParameterSync.cpp */; };
		CA54E0C91B4C80BD00590FD8 /* ofxOscReceiver.cpp in Sources */ = {isa = PBXBuildFile; fileRef = CA54E0BE1B4C80A100590FD8 /* ofxOscReceiver.cpp */; };
		CA54E0CA1B4C80BD00590FD8 /* ofxOscSender.cpp in Sources */ = {isa = PBXBuildFile; fileRef = CA54E0C01B4C80A100590FD8 /* ofxOscSender.cpp */; };
		CA54E0CC1B4C828800590FD8 /* IpEndpointName.cpp in Sources */ = {isa = PBXBuildFile; fileRef = CA54E09C1B4C80A100590FD8 /* IpEndpointName.cpp */; };
		CA54E0CD1B4C82A000590FD8 /* NetworkingUtils.cpp in Sources */ = {isa = PBXBuildFile; fileRef = CA54E0A11B4C80A100590FD8 /* NetworkingUtils.cpp */; };
		CA54E0CE1B4C82B000590FD8 /* UdpSocket.cpp in Sources */ = {isa = PBXBuildFile; fileRef = CA54E0A21B4C80A100590FD8 /* UdpSocket.cpp */; };
		CA54E0CF1B4C82C900590FD8 /* NetworkingUtilsWin.cpp in Sources */ = {isa = PBXBuildFile; fileRef = CA54E0A61B4C80A100590FD8 /* NetworkingUtilsWin.cpp */; };
		CA54E0D01B4C82EA00590FD8 /* UdpSocketWin.cpp in Sources */ = {isa = PBXBuildFile; fileRef = CA54E0A71B4C80A100590FD8 /* UdpSocketWin.cpp */; };
		E4328149138ABC9F0047C5CB /* openFrameworksDebug.a in Frameworks */ = {isa = PBXBuildFile; fileRef = E4328148138ABC890047C5CB /* openFrameworksDebug.a */; };
		E45BE97B0E8CC7DD009D7055 /* AGL.framework in Frameworks */ = {isa = PBXBuildFile; fileRef = E45BE9710E8CC7DD009D7055 /* AGL.framework */; };
		E45BE97C0E8CC7DD009D7055 /* ApplicationServices.framework in Frameworks */ = {isa = PBXBuildFile; fileRef = E45BE9720E8CC7DD009D7055 /* ApplicationServices.framework */; };
		E45BE97D0E8CC7DD009D7055 /* AudioToolbox.framework in Frameworks */ = {isa = PBXBuildFile; fileRef = E45BE9730E8CC7DD009D7055 /* AudioToolbox.framework */; };
		E45BE97F0E8CC7DD009D7055 /* CoreAudio.framework in Frameworks */ = {isa = PBXBuildFile; fileRef = E45BE9750E8CC7DD009D7055 /* CoreAudio.framework */; };
		E45BE9800E8CC7DD009D7055 /* CoreFoundation.framework in Frameworks */ = {isa = PBXBuildFile; fileRef = E45BE9760E8CC7DD009D7055 /* CoreFoundation.framework */; };
		E45BE9810E8CC7DD009D7055 /* CoreServices.framework in Frameworks */ = {isa = PBXBuildFile; fileRef = E45BE9770E8CC7DD009D7055 /* CoreServices.framework */; };
		E45BE9830E8CC7DD009D7055 /* OpenGL.framework in Frameworks */ = {isa = PBXBuildFile; fileRef = E45BE9790E8CC7DD009D7055 /* OpenGL.framework */; };
		E45BE9840E8CC7DD009D7055 /* QuickTime.framework in Frameworks */ = {isa = PBXBuildFile; fileRef = E45BE97A0E8CC7DD009D7055 /* QuickTime.framework */; };
		E4B69E200A3A1BDC003C02F2 /* main.cpp in Sources */ = {isa = PBXBuildFile; fileRef = E4B69E1D0A3A1BDC003C02F2 /* main.cpp */; };
		E4C2424710CC5A17004149E2 /* AppKit.framework in Frameworks */ = {isa = PBXBuildFile; fileRef = E4C2424410CC5A17004149E2 /* AppKit.framework */; };
		E4C2424810CC5A17004149E2 /* Cocoa.framework in Frameworks */ = {isa = PBXBuildFile; fileRef = E4C2424510CC5A17004149E2 /* Cocoa.framework */; };
		E4C2424910CC5A17004149E2 /* IOKit.framework in Frameworks */ = {isa = PBXBuildFile; fileRef = E4C2424610CC5A17004149E2 /* IOKit.framework */; };
		E4EB6799138ADC1D00A09F29 /* GLUT.framework in Frameworks */ = {isa = PBXBuildFile; fileRef = BBAB23BE13894E4700AA2426 /* GLUT.framework */; };
		E7E077E515D3B63C0020DFD4 /* CoreVideo.framework in Frameworks */ = {isa = PBXBuildFile; fileRef = E7E077E415D3B63C0020DFD4 /* CoreVideo.framework */; };
		E7E077E815D3B6510020DFD4 /* QTKit.framework in Frameworks */ = {isa = PBXBuildFile; fileRef = E7E077E715D3B6510020DFD4 /* QTKit.framework */; };
		E7F985F815E0DEA3003869B5 /* Accelerate.framework in Frameworks */ = {isa = PBXBuildFile; fileRef = E7F985F515E0DE99003869B5 /* Accelerate.framework */; };
/* End PBXBuildFile section */

/* Begin PBXContainerItemProxy section */
		CA54E08A1B4C7B9700590FD8 /* PBXContainerItemProxy */ = {
			isa = PBXContainerItemProxy;
			containerPortal = CA54E06C1B4C7B9700590FD8 /* example_ServerDirectory.xcodeproj */;
			proxyType = 2;
			remoteGlobalIDString = E4B69B5B0A3A1756003C02F2;
			remoteInfo = example_ServerDirectory;
		};
		CA54E08D1B4C7B9700590FD8 /* PBXContainerItemProxy */ = {
			isa = PBXContainerItemProxy;
			containerPortal = CA54E05D1B4C7B9700590FD8 /* ofxSyphonExample.xcodeproj */;
			proxyType = 2;
			remoteGlobalIDString = E4B69B5B0A3A1756003C02F2;
			remoteInfo = ofxSyphonExample;
		};
		E4328147138ABC890047C5CB /* PBXContainerItemProxy */ = {
			isa = PBXContainerItemProxy;
			containerPortal = E4328143138ABC890047C5CB /* openFrameworksLib.xcodeproj */;
			proxyType = 2;
			remoteGlobalIDString = E4B27C1510CBEB8E00536013;
			remoteInfo = openFrameworks;
		};
		E4EEB9AB138B136A00A80321 /* PBXContainerItemProxy */ = {
			isa = PBXContainerItemProxy;
			containerPortal = E4328143138ABC890047C5CB /* openFrameworksLib.xcodeproj */;
			proxyType = 1;
			remoteGlobalIDString = E4B27C1410CBEB8E00536013;
			remoteInfo = openFrameworks;
		};
/* End PBXContainerItemProxy section */

/* Begin PBXCopyFilesBuildPhase section */
		E4C2427710CC5ABF004149E2 /* CopyFiles */ = {
			isa = PBXCopyFilesBuildPhase;
			buildActionMask = 2147483647;
			dstPath = "";
			dstSubfolderSpec = 10;
			files = (
				BBAB23CB13894F3D00AA2426 /* GLUT.framework in CopyFiles */,
				CA54E0921B4C7CBF00590FD8 /* Syphon.framework in CopyFiles */,
			);
			runOnlyForDeploymentPostprocessing = 0;
		};
/* End PBXCopyFilesBuildPhase section */

/* Begin PBXFileReference section */
		275FAC191B127B7300B0A162 /* testApp.cpp */ = {isa = PBXFileReference; fileEncoding = 4; lastKnownFileType = sourcecode.cpp.cpp; path = testApp.cpp; sourceTree = "<group>"; };
		275FAC1A1B127B7300B0A162 /* testApp.h */ = {isa = PBXFileReference; fileEncoding = 4; lastKnownFileType = sourcecode.c.h; path = testApp.h; sourceTree = "<group>"; };
		275FAC1E1B127BA500B0A162 /* ofxCv.h */ = {isa = PBXFileReference; lastKnownFileType = sourcecode.c.h; path = ofxCv.h; sourceTree = "<group>"; };
		275FAC201B127BA500B0A162 /* .gitignore */ = {isa = PBXFileReference; lastKnownFileType = text; path = .gitignore; sourceTree = "<group>"; };
		275FAC241B127BA500B0A162 /* ETF.h */ = {isa = PBXFileReference; lastKnownFileType = sourcecode.c.h; path = ETF.h; sourceTree = "<group>"; };
		275FAC251B127BA500B0A162 /* fdog.h */ = {isa = PBXFileReference; lastKnownFileType = sourcecode.c.h; path = fdog.h; sourceTree = "<group>"; };
		275FAC261B127BA500B0A162 /* imatrix.h */ = {isa = PBXFileReference; lastKnownFileType = sourcecode.c.h; path = imatrix.h; sourceTree = "<group>"; };
		275FAC271B127BA500B0A162 /* myvec.h */ = {isa = PBXFileReference; lastKnownFileType = sourcecode.c.h; path = myvec.h; sourceTree = "<group>"; };
		275FAC291B127BA500B0A162 /* ETF.cpp */ = {isa = PBXFileReference; lastKnownFileType = sourcecode.cpp.cpp; path = ETF.cpp; sourceTree = "<group>"; };
		275FAC2A1B127BA500B0A162 /* fdog.cpp */ = {isa = PBXFileReference; lastKnownFileType = sourcecode.cpp.cpp; path = fdog.cpp; sourceTree = "<group>"; };
		275FAC2E1B127BA500B0A162 /* Calibration.h */ = {isa = PBXFileReference; lastKnownFileType = sourcecode.c.h; path = Calibration.h; sourceTree = "<group>"; };
		275FAC2F1B127BA500B0A162 /* ContourFinder.h */ = {isa = PBXFileReference; lastKnownFileType = sourcecode.c.h; path = ContourFinder.h; sourceTree = "<group>"; };
		275FAC301B127BA500B0A162 /* Distance.h */ = {isa = PBXFileReference; lastKnownFileType = sourcecode.c.h; path = Distance.h; sourceTree = "<group>"; };
		275FAC311B127BA500B0A162 /* Flow.h */ = {isa = PBXFileReference; lastKnownFileType = sourcecode.c.h; path = Flow.h; sourceTree = "<group>"; };
		275FAC321B127BA500B0A162 /* Helpers.h */ = {isa = PBXFileReference; lastKnownFileType = sourcecode.c.h; path = Helpers.h; sourceTree = "<group>"; };
		275FAC331B127BA500B0A162 /* Kalman.h */ = {isa = PBXFileReference; lastKnownFileType = sourcecode.c.h; path = Kalman.h; sourceTree = "<group>"; };
		275FAC341B127BA500B0A162 /* ObjectFinder.h */ = {isa = PBXFileReference; lastKnownFileType = sourcecode.c.h; path = ObjectFinder.h; sourceTree = "<group>"; };
		275FAC351B127BA500B0A162 /* RunningBackground.h */ = {isa = PBXFileReference; lastKnownFileType = sourcecode.c.h; path = RunningBackground.h; sourceTree = "<group>"; };
		275FAC361B127BA500B0A162 /* Tracker.h */ = {isa = PBXFileReference; lastKnownFileType = sourcecode.c.h; path = Tracker.h; sourceTree = "<group>"; };
		275FAC371B127BA500B0A162 /* Utilities.h */ = {isa = PBXFileReference; lastKnownFileType = sourcecode.c.h; path = Utilities.h; sourceTree = "<group>"; };
		275FAC381B127BA500B0A162 /* Wrappers.h */ = {isa = PBXFileReference; lastKnownFileType = sourcecode.c.h; path = Wrappers.h; sourceTree = "<group>"; };
		275FAC3A1B127BA500B0A162 /* Calibration.cpp */ = {isa = PBXFileReference; lastKnownFileType = sourcecode.cpp.cpp; path = Calibration.cpp; sourceTree = "<group>"; };
		275FAC3B1B127BA500B0A162 /* ContourFinder.cpp */ = {isa = PBXFileReference; lastKnownFileType = sourcecode.cpp.cpp; path = ContourFinder.cpp; sourceTree = "<group>"; };
		275FAC3C1B127BA500B0A162 /* Distance.cpp */ = {isa = PBXFileReference; lastKnownFileType = sourcecode.cpp.cpp; path = Distance.cpp; sourceTree = "<group>"; };
		275FAC3D1B127BA500B0A162 /* Flow.cpp */ = {isa = PBXFileReference; lastKnownFileType = sourcecode.cpp.cpp; path = Flow.cpp; sourceTree = "<group>"; };
		275FAC3E1B127BA500B0A162 /* Helpers.cpp */ = {isa = PBXFileReference; lastKnownFileType = sourcecode.cpp.cpp; path = Helpers.cpp; sourceTree = "<group>"; };
		275FAC3F1B127BA500B0A162 /* Kalman.cpp */ = {isa = PBXFileReference; lastKnownFileType = sourcecode.cpp.cpp; path = Kalman.cpp; sourceTree = "<group>"; };
		275FAC401B127BA500B0A162 /* ObjectFinder.cpp */ = {isa = PBXFileReference; lastKnownFileType = sourcecode.cpp.cpp; path = ObjectFinder.cpp; sourceTree = "<group>"; };
		275FAC411B127BA500B0A162 /* RunningBackground.cpp */ = {isa = PBXFileReference; lastKnownFileType = sourcecode.cpp.cpp; path = RunningBackground.cpp; sourceTree = "<group>"; };
		275FAC421B127BA500B0A162 /* Tracker.cpp */ = {isa = PBXFileReference; lastKnownFileType = sourcecode.cpp.cpp; path = Tracker.cpp; sourceTree = "<group>"; };
		275FAC431B127BA500B0A162 /* Utilities.cpp */ = {isa = PBXFileReference; lastKnownFileType = sourcecode.cpp.cpp; path = Utilities.cpp; sourceTree = "<group>"; };
		275FAC441B127BA500B0A162 /* Wrappers.cpp */ = {isa = PBXFileReference; lastKnownFileType = sourcecode.cpp.cpp; path = Wrappers.cpp; sourceTree = "<group>"; };
		275FAC451B127BA500B0A162 /* opencv.a */ = {isa = PBXFileReference; lastKnownFileType = archive.ar; name = opencv.a; path = ../../../addons/ofxCv/../ofxOpenCv/libs/opencv/lib/osx/opencv.a; sourceTree = "<group>"; };
		275FAC561B127BA900B0A162 /* Expression.cpp */ = {isa = PBXFileReference; lastKnownFileType = sourcecode.cpp.cpp; path = Expression.cpp; sourceTree = "<group>"; };
		275FAC571B127BA900B0A162 /* Expression.h */ = {isa = PBXFileReference; lastKnownFileType = sourcecode.c.h; path = Expression.h; sourceTree = "<group>"; };
		275FAC581B127BA900B0A162 /* ExpressionClassifier.cpp */ = {isa = PBXFileReference; lastKnownFileType = sourcecode.cpp.cpp; path = ExpressionClassifier.cpp; sourceTree = "<group>"; };
		275FAC591B127BA900B0A162 /* ExpressionClassifier.h */ = {isa = PBXFileReference; lastKnownFileType = sourcecode.c.h; path = ExpressionClassifier.h; sourceTree = "<group>"; };
		275FAC5A1B127BA900B0A162 /* ofxFaceTracker.cpp */ = {isa = PBXFileReference; lastKnownFileType = sourcecode.cpp.cpp; path = ofxFaceTracker.cpp; sourceTree = "<group>"; };
		275FAC5B1B127BA900B0A162 /* ofxFaceTracker.h */ = {isa = PBXFileReference; lastKnownFileType = sourcecode.c.h; path = ofxFaceTracker.h; sourceTree = "<group>"; };
		275FAC5C1B127BA900B0A162 /* ofxFaceTrackerThreaded.h */ = {isa = PBXFileReference; lastKnownFileType = sourcecode.c.h; path = ofxFaceTrackerThreaded.h; sourceTree = "<group>"; };
		275FAC611B127BA900B0A162 /* CLM.h */ = {isa = PBXFileReference; lastKnownFileType = sourcecode.c.h; path = CLM.h; sourceTree = "<group>"; };
		275FAC621B127BA900B0A162 /* FCheck.h */ = {isa = PBXFileReference; lastKnownFileType = sourcecode.c.h; path = FCheck.h; sourceTree = "<group>"; };
		275FAC631B127BA900B0A162 /* FDet.h */ = {isa = PBXFileReference; lastKnownFileType = sourcecode.c.h; path = FDet.h; sourceTree = "<group>"; };
		275FAC641B127BA900B0A162 /* IO.h */ = {isa = PBXFileReference; lastKnownFileType = sourcecode.c.h; path = IO.h; sourceTree = "<group>"; };
		275FAC651B127BA900B0A162 /* Patch.h */ = {isa = PBXFileReference; lastKnownFileType = sourcecode.c.h; path = Patch.h; sourceTree = "<group>"; };
		275FAC661B127BA900B0A162 /* PAW.h */ = {isa = PBXFileReference; lastKnownFileType = sourcecode.c.h; path = PAW.h; sourceTree = "<group>"; };
		275FAC671B127BA900B0A162 /* PDM.h */ = {isa = PBXFileReference; lastKnownFileType = sourcecode.c.h; path = PDM.h; sourceTree = "<group>"; };
		275FAC681B127BA900B0A162 /* Tracker.h */ = {isa = PBXFileReference; lastKnownFileType = sourcecode.c.h; path = Tracker.h; sourceTree = "<group>"; };
		275FAC691B127BA900B0A162 /* license.md */ = {isa = PBXFileReference; lastKnownFileType = net.daringfireball.markdown; path = license.md; sourceTree = "<group>"; };
		275FAC6B1B127BA900B0A162 /* face.con */ = {isa = PBXFileReference; lastKnownFileType = text; path = face.con; sourceTree = "<group>"; };
		275FAC6C1B127BA900B0A162 /* face.tracker */ = {isa = PBXFileReference; lastKnownFileType = text; path = face.tracker; sourceTree = "<group>"; };
		275FAC6D1B127BA900B0A162 /* face.tri */ = {isa = PBXFileReference; lastKnownFileType = text; path = face.tri; sourceTree = "<group>"; };
		275FAC6E1B127BA900B0A162 /* face2.tracker */ = {isa = PBXFileReference; lastKnownFileType = text; path = face2.tracker; sourceTree = "<group>"; };
		275FAC711B127BA900B0A162 /* CLM.cc */ = {isa = PBXFileReference; lastKnownFileType = sourcecode.cpp.cpp; path = CLM.cc; sourceTree = "<group>"; };
		275FAC721B127BA900B0A162 /* FCheck.cc */ = {isa = PBXFileReference; lastKnownFileType = sourcecode.cpp.cpp; path = FCheck.cc; sourceTree = "<group>"; };
		275FAC731B127BA900B0A162 /* FDet.cc */ = {isa = PBXFileReference; lastKnownFileType = sourcecode.cpp.cpp; path = FDet.cc; sourceTree = "<group>"; };
		275FAC741B127BA900B0A162 /* IO.cc */ = {isa = PBXFileReference; lastKnownFileType = sourcecode.cpp.cpp; path = IO.cc; sourceTree = "<group>"; };
		275FAC751B127BA900B0A162 /* Patch.cc */ = {isa = PBXFileReference; lastKnownFileType = sourcecode.cpp.cpp; path = Patch.cc; sourceTree = "<group>"; };
		275FAC761B127BA900B0A162 /* PAW.cc */ = {isa = PBXFileReference; lastKnownFileType = sourcecode.cpp.cpp; path = PAW.cc; sourceTree = "<group>"; };
		275FAC771B127BA900B0A162 /* PDM.cc */ = {isa = PBXFileReference; lastKnownFileType = sourcecode.cpp.cpp; path = PDM.cc; sourceTree = "<group>"; };
		275FAC781B127BA900B0A162 /* Tracker.cc */ = {isa = PBXFileReference; lastKnownFileType = sourcecode.cpp.cpp; path = Tracker.cc; sourceTree = "<group>"; };
		275FAC851B127C4300B0A162 /* Clone.cpp */ = {isa = PBXFileReference; fileEncoding = 4; lastKnownFileType = sourcecode.cpp.cpp; name = Clone.cpp; path = ../../CloningWrapper/src/Clone.cpp; sourceTree = "<group>"; };
		275FAC861B127C4300B0A162 /* Clone.h */ = {isa = PBXFileReference; fileEncoding = 4; lastKnownFileType = sourcecode.c.h; name = Clone.h; path = ../../CloningWrapper/src/Clone.h; sourceTree = "<group>"; };
		BBAB23BE13894E4700AA2426 /* GLUT.framework */ = {isa = PBXFileReference; lastKnownFileType = wrapper.framework; name = GLUT.framework; path = ../../../libs/glut/lib/osx/GLUT.framework; sourceTree = "<group>"; };
		CA54E0591B4C7B9700590FD8 /* .gitignore */ = {isa = PBXFileReference; lastKnownFileType = text; path = .gitignore; sourceTree = "<group>"; };
		CA54E05C1B4C7B9700590FD8 /* ofxSyphonExampleDebug.app */ = {isa = PBXFileReference; lastKnownFileType = wrapper.application; path = ofxSyphonExampleDebug.app; sourceTree = "<group>"; };
		CA54E05D1B4C7B9700590FD8 /* ofxSyphonExample.xcodeproj */ = {isa = PBXFileReference; lastKnownFileType = "wrapper.pb-project"; path = ofxSyphonExample.xcodeproj; sourceTree = "<group>"; };
		CA54E0611B4C7B9700590FD8 /* openFrameworks-Info.plist */ = {isa = PBXFileReference; lastKnownFileType = text.plist.xml; path = "openFrameworks-Info.plist"; sourceTree = "<group>"; };
		CA54E0621B4C7B9700590FD8 /* Project.xcconfig */ = {isa = PBXFileReference; lastKnownFileType = text.xcconfig; path = Project.xcconfig; sourceTree = "<group>"; };
		CA54E0641B4C7B9700590FD8 /* main.cpp */ = {isa = PBXFileReference; lastKnownFileType = sourcecode.cpp.cpp; path = main.cpp; sourceTree = "<group>"; };
		CA54E0651B4C7B9700590FD8 /* testApp.cpp */ = {isa = PBXFileReference; lastKnownFileType = sourcecode.cpp.cpp; path = testApp.cpp; sourceTree = "<group>"; };
		CA54E0661B4C7B9700590FD8 /* testApp.h */ = {isa = PBXFileReference; lastKnownFileType = sourcecode.c.h; path = testApp.h; sourceTree = "<group>"; };
		CA54E0681B4C7B9700590FD8 /* addons.make */ = {isa = PBXFileReference; lastKnownFileType = text; path = addons.make; sourceTree = "<group>"; };
		CA54E06A1B4C7B9700590FD8 /* example_ServerDirectoryDebug.app */ = {isa = PBXFileReference; lastKnownFileType = wrapper.application; path = example_ServerDirectoryDebug.app; sourceTree = "<group>"; };
		CA54E06B1B4C7B9700590FD8 /* config.make */ = {isa = PBXFileReference; lastKnownFileType = text; path = config.make; sourceTree = "<group>"; };
		CA54E06C1B4C7B9700590FD8 /* example_ServerDirectory.xcodeproj */ = {isa = PBXFileReference; lastKnownFileType = "wrapper.pb-project"; path = example_ServerDirectory.xcodeproj; sourceTree = "<group>"; };
		CA54E0701B4C7B9700590FD8 /* Makefile */ = {isa = PBXFileReference; lastKnownFileType = sourcecode.make; path = Makefile; sourceTree = "<group>"; };
		CA54E0711B4C7B9700590FD8 /* openFrameworks-Info.plist */ = {isa = PBXFileReference; lastKnownFileType = text.plist.xml; path = "openFrameworks-Info.plist"; sourceTree = "<group>"; };
		CA54E0721B4C7B9700590FD8 /* Project.xcconfig */ = {isa = PBXFileReference; lastKnownFileType = text.xcconfig; path = Project.xcconfig; sourceTree = "<group>"; };
		CA54E0741B4C7B9700590FD8 /* main.cpp */ = {isa = PBXFileReference; lastKnownFileType = sourcecode.cpp.cpp; path = main.cpp; sourceTree = "<group>"; };
		CA54E0751B4C7B9700590FD8 /* ofApp.cpp */ = {isa = PBXFileReference; lastKnownFileType = sourcecode.cpp.cpp; path = ofApp.cpp; sourceTree = "<group>"; };
		CA54E0761B4C7B9700590FD8 /* ofApp.h */ = {isa = PBXFileReference; lastKnownFileType = sourcecode.c.h; path = ofApp.h; sourceTree = "<group>"; };
		CA54E07B1B4C7B9700590FD8 /* Syphon.framework */ = {isa = PBXFileReference; lastKnownFileType = wrapper.framework; path = Syphon.framework; sourceTree = "<group>"; };
		CA54E07D1B4C7B9700590FD8 /* SyphonNameboundClient.h */ = {isa = PBXFileReference; lastKnownFileType = sourcecode.c.h; path = SyphonNameboundClient.h; sourceTree = "<group>"; };
		CA54E07E1B4C7B9700590FD8 /* SyphonNameboundClient.m */ = {isa = PBXFileReference; lastKnownFileType = sourcecode.c.objc; path = SyphonNameboundClient.m; sourceTree = "<group>"; };
		CA54E07F1B4C7B9700590FD8 /* License.txt */ = {isa = PBXFileReference; lastKnownFileType = text; path = License.txt; sourceTree = "<group>"; };
		CA54E0801B4C7B9700590FD8 /* README.md */ = {isa = PBXFileReference; lastKnownFileType = net.daringfireball.markdown; path = README.md; sourceTree = "<group>"; };
		CA54E0821B4C7B9700590FD8 /* ofxSyphon.h */ = {isa = PBXFileReference; lastKnownFileType = sourcecode.c.h; path = ofxSyphon.h; sourceTree = "<group>"; };
		CA54E0831B4C7B9700590FD8 /* ofxSyphonClient.h */ = {isa = PBXFileReference; lastKnownFileType = sourcecode.c.h; path = ofxSyphonClient.h; sourceTree = "<group>"; };
		CA54E0841B4C7B9700590FD8 /* ofxSyphonClient.mm */ = {isa = PBXFileReference; lastKnownFileType = sourcecode.cpp.objcpp; path = ofxSyphonClient.mm; sourceTree = "<group>"; };
		CA54E0851B4C7B9700590FD8 /* ofxSyphonServer.h */ = {isa = PBXFileReference; lastKnownFileType = sourcecode.c.h; path = ofxSyphonServer.h; sourceTree = "<group>"; };
		CA54E0861B4C7B9700590FD8 /* ofxSyphonServer.mm */ = {isa = PBXFileReference; lastKnownFileType = sourcecode.cpp.objcpp; path = ofxSyphonServer.mm; sourceTree = "<group>"; };
		CA54E0871B4C7B9700590FD8 /* ofxSyphonServerDirectory.h */ = {isa = PBXFileReference; lastKnownFileType = sourcecode.c.h; path = ofxSyphonServerDirectory.h; sourceTree = "<group>"; };
		CA54E0881B4C7B9700590FD8 /* ofxSyphonServerDirectory.mm */ = {isa = PBXFileReference; lastKnownFileType = sourcecode.cpp.objcpp; path = ofxSyphonServerDirectory.mm; sourceTree = "<group>"; };
		CA54E08F1B4C7C8200590FD8 /* Syphon.framework */ = {isa = PBXFileReference; lastKnownFileType = wrapper.framework; name = Syphon.framework; path = ../../../addons/ofxSyphon/libs/Syphon/lib/osx/Syphon.framework; sourceTree = "<group>"; };
		CA54E09C1B4C80A100590FD8 /* IpEndpointName.cpp */ = {isa = PBXFileReference; lastKnownFileType = sourcecode.cpp.cpp; path = IpEndpointName.cpp; sourceTree = "<group>"; };
		CA54E09D1B4C80A100590FD8 /* IpEndpointName.h */ = {isa = PBXFileReference; lastKnownFileType = sourcecode.c.h; path = IpEndpointName.h; sourceTree = "<group>"; };
		CA54E09E1B4C80A100590FD8 /* NetworkingUtils.h */ = {isa = PBXFileReference; lastKnownFileType = sourcecode.c.h; path = NetworkingUtils.h; sourceTree = "<group>"; };
		CA54E09F1B4C80A100590FD8 /* PacketListener.h */ = {isa = PBXFileReference; lastKnownFileType = sourcecode.c.h; path = PacketListener.h; sourceTree = "<group>"; };
		CA54E0A11B4C80A100590FD8 /* NetworkingUtils.cpp */ = {isa = PBXFileReference; lastKnownFileType = sourcecode.cpp.cpp; path = NetworkingUtils.cpp; sourceTree = "<group>"; };
		CA54E0A21B4C80A100590FD8 /* UdpSocket.cpp */ = {isa = PBXFileReference; lastKnownFileType = sourcecode.cpp.cpp; path = UdpSocket.cpp; sourceTree = "<group>"; };
		CA54E0A31B4C80A100590FD8 /* TimerListener.h */ = {isa = PBXFileReference; lastKnownFileType = sourcecode.c.h; path = TimerListener.h; sourceTree = "<group>"; };
		CA54E0A41B4C80A100590FD8 /* UdpSocket.h */ = {isa = PBXFileReference; lastKnownFileType = sourcecode.c.h; path = UdpSocket.h; sourceTree = "<group>"; };
		CA54E0A61B4C80A100590FD8 /* NetworkingUtilsWin.cpp */ = {isa = PBXFileReference; lastKnownFileType = sourcecode.cpp.cpp; path = NetworkingUtilsWin.cpp; sourceTree = "<group>"; };
		CA54E0A71B4C80A100590FD8 /* UdpSocketWin.cpp */ = {isa = PBXFileReference; lastKnownFileType = sourcecode.cpp.cpp; path = UdpSocketWin.cpp; sourceTree = "<group>"; };
		CA54E0A91B4C80A100590FD8 /* MessageMappingOscPacketListener.h */ = {isa = PBXFileReference; lastKnownFileType = sourcecode.c.h; path = MessageMappingOscPacketListener.h; sourceTree = "<group>"; };
		CA54E0AA1B4C80A100590FD8 /* OscException.h */ = {isa = PBXFileReference; lastKnownFileType = sourcecode.c.h; path = OscException.h; sourceTree = "<group>"; };
		CA54E0AB1B4C80A100590FD8 /* OscHostEndianness.h */ = {isa = PBXFileReference; lastKnownFileType = sourcecode.c.h; path = OscHostEndianness.h; sourceTree = "<group>"; };
		CA54E0AC1B4C80A100590FD8 /* OscOutboundPacketStream.cpp */ = {isa = PBXFileReference; lastKnownFileType = sourcecode.cpp.cpp; path = OscOutboundPacketStream.cpp; sourceTree = "<group>"; };
		CA54E0AD1B4C80A100590FD8 /* OscOutboundPacketStream.h */ = {isa = PBXFileReference; lastKnownFileType = sourcecode.c.h; path = OscOutboundPacketStream.h; sourceTree = "<group>"; };
		CA54E0AE1B4C80A100590FD8 /* OscPacketListener.h */ = {isa = PBXFileReference; lastKnownFileType = sourcecode.c.h; path = OscPacketListener.h; sourceTree = "<group>"; };
		CA54E0AF1B4C80A100590FD8 /* OscPrintReceivedElements.cpp */ = {isa = PBXFileReference; lastKnownFileType = sourcecode.cpp.cpp; path = OscPrintReceivedElements.cpp; sourceTree = "<group>"; };
		CA54E0B01B4C80A100590FD8 /* OscPrintReceivedElements.h */ = {isa = PBXFileReference; lastKnownFileType = sourcecode.c.h; path = OscPrintReceivedElements.h; sourceTree = "<group>"; };
		CA54E0B11B4C80A100590FD8 /* OscReceivedElements.cpp */ = {isa = PBXFileReference; lastKnownFileType = sourcecode.cpp.cpp; path = OscReceivedElements.cpp; sourceTree = "<group>"; };
		CA54E0B21B4C80A100590FD8 /* OscReceivedElements.h */ = {isa = PBXFileReference; lastKnownFileType = sourcecode.c.h; path = OscReceivedElements.h; sourceTree = "<group>"; };
		CA54E0B31B4C80A100590FD8 /* OscTypes.cpp */ = {isa = PBXFileReference; lastKnownFileType = sourcecode.cpp.cpp; path = OscTypes.cpp; sourceTree = "<group>"; };
		CA54E0B41B4C80A100590FD8 /* OscTypes.h */ = {isa = PBXFileReference; lastKnownFileType = sourcecode.c.h; path = OscTypes.h; sourceTree = "<group>"; };
		CA54E0B61B4C80A100590FD8 /* ofxOsc.h */ = {isa = PBXFileReference; lastKnownFileType = sourcecode.c.h; path = ofxOsc.h; sourceTree = "<group>"; };
		CA54E0B71B4C80A100590FD8 /* ofxOscArg.h */ = {isa = PBXFileReference; lastKnownFileType = sourcecode.c.h; path = ofxOscArg.h; sourceTree = "<group>"; };
		CA54E0B81B4C80A100590FD8 /* ofxOscBundle.cpp */ = {isa = PBXFileReference; lastKnownFileType = sourcecode.cpp.cpp; path = ofxOscBundle.cpp; sourceTree = "<group>"; };
		CA54E0B91B4C80A100590FD8 /* ofxOscBundle.h */ = {isa = PBXFileReference; lastKnownFileType = sourcecode.c.h; path = ofxOscBundle.h; sourceTree = "<group>"; };
		CA54E0BA1B4C80A100590FD8 /* ofxOscMessage.cpp */ = {isa = PBXFileReference; lastKnownFileType = sourcecode.cpp.cpp; path = ofxOscMessage.cpp; sourceTree = "<group>"; };
		CA54E0BB1B4C80A100590FD8 /* ofxOscMessage.h */ = {isa = PBXFileReference; lastKnownFileType = sourcecode.c.h; path = ofxOscMessage.h; sourceTree = "<group>"; };
		CA54E0BC1B4C80A100590FD8 /* ofxOscParameterSync.cpp */ = {isa = PBXFileReference; lastKnownFileType = sourcecode.cpp.cpp; path = ofxOscParameterSync.cpp; sourceTree = "<group>"; };
		CA54E0BD1B4C80A100590FD8 /* ofxOscParameterSync.h */ = {isa = PBXFileReference; lastKnownFileType = sourcecode.c.h; path = ofxOscParameterSync.h; sourceTree = "<group>"; };
		CA54E0BE1B4C80A100590FD8 /* ofxOscReceiver.cpp */ = {isa = PBXFileReference; lastKnownFileType = sourcecode.cpp.cpp; path = ofxOscReceiver.cpp; sourceTree = "<group>"; };
		CA54E0BF1B4C80A100590FD8 /* ofxOscReceiver.h */ = {isa = PBXFileReference; lastKnownFileType = sourcecode.c.h; path = ofxOscReceiver.h; sourceTree = "<group>"; };
		CA54E0C01B4C80A100590FD8 /* ofxOscSender.cpp */ = {isa = PBXFileReference; lastKnownFileType = sourcecode.cpp.cpp; path = ofxOscSender.cpp; sourceTree = "<group>"; };
		CA54E0C11B4C80A100590FD8 /* ofxOscSender.h */ = {isa = PBXFileReference; lastKnownFileType = sourcecode.c.h; path = ofxOscSender.h; sourceTree = "<group>"; };
		E4328143138ABC890047C5CB /* openFrameworksLib.xcodeproj */ = {isa = PBXFileReference; lastKnownFileType = "wrapper.pb-project"; name = openFrameworksLib.xcodeproj; path = ../../../libs/openFrameworksCompiled/project/osx/openFrameworksLib.xcodeproj; sourceTree = SOURCE_ROOT; };
		E45BE9710E8CC7DD009D7055 /* AGL.framework */ = {isa = PBXFileReference; lastKnownFileType = wrapper.framework; name = AGL.framework; path = /System/Library/Frameworks/AGL.framework; sourceTree = "<absolute>"; };
		E45BE9720E8CC7DD009D7055 /* ApplicationServices.framework */ = {isa = PBXFileReference; lastKnownFileType = wrapper.framework; name = ApplicationServices.framework; path = /System/Library/Frameworks/ApplicationServices.framework; sourceTree = "<absolute>"; };
		E45BE9730E8CC7DD009D7055 /* AudioToolbox.framework */ = {isa = PBXFileReference; lastKnownFileType = wrapper.framework; name = AudioToolbox.framework; path = /System/Library/Frameworks/AudioToolbox.framework; sourceTree = "<absolute>"; };
		E45BE9750E8CC7DD009D7055 /* CoreAudio.framework */ = {isa = PBXFileReference; lastKnownFileType = wrapper.framework; name = CoreAudio.framework; path = /System/Library/Frameworks/CoreAudio.framework; sourceTree = "<absolute>"; };
		E45BE9760E8CC7DD009D7055 /* CoreFoundation.framework */ = {isa = PBXFileReference; lastKnownFileType = wrapper.framework; name = CoreFoundation.framework; path = /System/Library/Frameworks/CoreFoundation.framework; sourceTree = "<absolute>"; };
		E45BE9770E8CC7DD009D7055 /* CoreServices.framework */ = {isa = PBXFileReference; lastKnownFileType = wrapper.framework; name = CoreServices.framework; path = /System/Library/Frameworks/CoreServices.framework; sourceTree = "<absolute>"; };
		E45BE9790E8CC7DD009D7055 /* OpenGL.framework */ = {isa = PBXFileReference; lastKnownFileType = wrapper.framework; name = OpenGL.framework; path = /System/Library/Frameworks/OpenGL.framework; sourceTree = "<absolute>"; };
		E45BE97A0E8CC7DD009D7055 /* QuickTime.framework */ = {isa = PBXFileReference; lastKnownFileType = wrapper.framework; name = QuickTime.framework; path = /System/Library/Frameworks/QuickTime.framework; sourceTree = "<absolute>"; };
		E4B69B5B0A3A1756003C02F2 /* ofAppDebug.app */ = {isa = PBXFileReference; explicitFileType = wrapper.application; includeInIndex = 0; path = ofAppDebug.app; sourceTree = BUILT_PRODUCTS_DIR; };
		E4B69E1D0A3A1BDC003C02F2 /* main.cpp */ = {isa = PBXFileReference; fileEncoding = 30; lastKnownFileType = sourcecode.cpp.cpp; name = main.cpp; path = src/main.cpp; sourceTree = SOURCE_ROOT; };
		E4B6FCAD0C3E899E008CF71C /* openFrameworks-Info.plist */ = {isa = PBXFileReference; fileEncoding = 30; lastKnownFileType = text.plist.xml; path = "openFrameworks-Info.plist"; sourceTree = "<group>"; };
		E4C2424410CC5A17004149E2 /* AppKit.framework */ = {isa = PBXFileReference; lastKnownFileType = wrapper.framework; name = AppKit.framework; path = /System/Library/Frameworks/AppKit.framework; sourceTree = "<absolute>"; };
		E4C2424510CC5A17004149E2 /* Cocoa.framework */ = {isa = PBXFileReference; lastKnownFileType = wrapper.framework; name = Cocoa.framework; path = /System/Library/Frameworks/Cocoa.framework; sourceTree = "<absolute>"; };
		E4C2424610CC5A17004149E2 /* IOKit.framework */ = {isa = PBXFileReference; lastKnownFileType = wrapper.framework; name = IOKit.framework; path = /System/Library/Frameworks/IOKit.framework; sourceTree = "<absolute>"; };
		E4EB691F138AFCF100A09F29 /* CoreOF.xcconfig */ = {isa = PBXFileReference; fileEncoding = 4; lastKnownFileType = text.xcconfig; name = CoreOF.xcconfig; path = ../../../libs/openFrameworksCompiled/project/osx/CoreOF.xcconfig; sourceTree = SOURCE_ROOT; };
		E4EB6923138AFD0F00A09F29 /* Project.xcconfig */ = {isa = PBXFileReference; fileEncoding = 4; lastKnownFileType = text.xcconfig; path = Project.xcconfig; sourceTree = "<group>"; };
		E7E077E415D3B63C0020DFD4 /* CoreVideo.framework */ = {isa = PBXFileReference; lastKnownFileType = wrapper.framework; name = CoreVideo.framework; path = /System/Library/Frameworks/CoreVideo.framework; sourceTree = "<absolute>"; };
		E7E077E715D3B6510020DFD4 /* QTKit.framework */ = {isa = PBXFileReference; lastKnownFileType = wrapper.framework; name = QTKit.framework; path = /System/Library/Frameworks/QTKit.framework; sourceTree = "<absolute>"; };
		E7F985F515E0DE99003869B5 /* Accelerate.framework */ = {isa = PBXFileReference; lastKnownFileType = wrapper.framework; name = Accelerate.framework; path = /System/Library/Frameworks/Accelerate.framework; sourceTree = "<absolute>"; };
/* End PBXFileReference section */

/* Begin PBXFrameworksBuildPhase section */
		E4B69B590A3A1756003C02F2 /* Frameworks */ = {
			isa = PBXFrameworksBuildPhase;
			buildActionMask = 2147483647;
			files = (
				E7F985F815E0DEA3003869B5 /* Accelerate.framework in Frameworks */,
				E7E077E815D3B6510020DFD4 /* QTKit.framework in Frameworks */,
				E4EB6799138ADC1D00A09F29 /* GLUT.framework in Frameworks */,
				E4328149138ABC9F0047C5CB /* openFrameworksDebug.a in Frameworks */,
				E45BE97B0E8CC7DD009D7055 /* AGL.framework in Frameworks */,
				E45BE97C0E8CC7DD009D7055 /* ApplicationServices.framework in Frameworks */,
				E45BE97D0E8CC7DD009D7055 /* AudioToolbox.framework in Frameworks */,
				CA54E0911B4C7CBF00590FD8 /* Syphon.framework in Frameworks */,
				E45BE97F0E8CC7DD009D7055 /* CoreAudio.framework in Frameworks */,
				E45BE9800E8CC7DD009D7055 /* CoreFoundation.framework in Frameworks */,
				E45BE9810E8CC7DD009D7055 /* CoreServices.framework in Frameworks */,
				E45BE9830E8CC7DD009D7055 /* OpenGL.framework in Frameworks */,
				E45BE9840E8CC7DD009D7055 /* QuickTime.framework in Frameworks */,
				E4C2424710CC5A17004149E2 /* AppKit.framework in Frameworks */,
				E4C2424810CC5A17004149E2 /* Cocoa.framework in Frameworks */,
				275FAC531B127BA500B0A162 /* opencv.a in Frameworks */,
				E4C2424910CC5A17004149E2 /* IOKit.framework in Frameworks */,
				E7E077E515D3B63C0020DFD4 /* CoreVideo.framework in Frameworks */,
			);
			runOnlyForDeploymentPostprocessing = 0;
		};
/* End PBXFrameworksBuildPhase section */

/* Begin PBXGroup section */
		275FAC1C1B127BA500B0A162 /* ofxCv */ = {
			isa = PBXGroup;
			children = (
				275FAC1D1B127BA500B0A162 /* src */,
				275FAC1F1B127BA500B0A162 /* libs */,
				275FAC451B127BA500B0A162 /* opencv.a */,
			);
			name = ofxCv;
			sourceTree = "<group>";
		};
		275FAC1D1B127BA500B0A162 /* src */ = {
			isa = PBXGroup;
			children = (
				275FAC1E1B127BA500B0A162 /* ofxCv.h */,
			);
			name = src;
			path = ../../../addons/ofxCv/src;
			sourceTree = "<group>";
		};
		275FAC1F1B127BA500B0A162 /* libs */ = {
			isa = PBXGroup;
			children = (
				275FAC201B127BA500B0A162 /* .gitignore */,
				275FAC211B127BA500B0A162 /* CLD */,
				275FAC2B1B127BA500B0A162 /* ofxCv */,
			);
			name = libs;
			path = ../../../addons/ofxCv/libs;
			sourceTree = "<group>";
		};
		275FAC211B127BA500B0A162 /* CLD */ = {
			isa = PBXGroup;
			children = (
				275FAC221B127BA500B0A162 /* include */,
				275FAC281B127BA500B0A162 /* src */,
			);
			path = CLD;
			sourceTree = "<group>";
		};
		275FAC221B127BA500B0A162 /* include */ = {
			isa = PBXGroup;
			children = (
				275FAC231B127BA500B0A162 /* CLD */,
			);
			path = include;
			sourceTree = "<group>";
		};
		275FAC231B127BA500B0A162 /* CLD */ = {
			isa = PBXGroup;
			children = (
				275FAC241B127BA500B0A162 /* ETF.h */,
				275FAC251B127BA500B0A162 /* fdog.h */,
				275FAC261B127BA500B0A162 /* imatrix.h */,
				275FAC271B127BA500B0A162 /* myvec.h */,
			);
			path = CLD;
			sourceTree = "<group>";
		};
		275FAC281B127BA500B0A162 /* src */ = {
			isa = PBXGroup;
			children = (
				275FAC291B127BA500B0A162 /* ETF.cpp */,
				275FAC2A1B127BA500B0A162 /* fdog.cpp */,
			);
			path = src;
			sourceTree = "<group>";
		};
		275FAC2B1B127BA500B0A162 /* ofxCv */ = {
			isa = PBXGroup;
			children = (
				275FAC2C1B127BA500B0A162 /* include */,
				275FAC391B127BA500B0A162 /* src */,
			);
			path = ofxCv;
			sourceTree = "<group>";
		};
		275FAC2C1B127BA500B0A162 /* include */ = {
			isa = PBXGroup;
			children = (
				275FAC2D1B127BA500B0A162 /* ofxCv */,
			);
			path = include;
			sourceTree = "<group>";
		};
		275FAC2D1B127BA500B0A162 /* ofxCv */ = {
			isa = PBXGroup;
			children = (
				275FAC2E1B127BA500B0A162 /* Calibration.h */,
				275FAC2F1B127BA500B0A162 /* ContourFinder.h */,
				275FAC301B127BA500B0A162 /* Distance.h */,
				275FAC311B127BA500B0A162 /* Flow.h */,
				275FAC321B127BA500B0A162 /* Helpers.h */,
				275FAC331B127BA500B0A162 /* Kalman.h */,
				275FAC341B127BA500B0A162 /* ObjectFinder.h */,
				275FAC351B127BA500B0A162 /* RunningBackground.h */,
				275FAC361B127BA500B0A162 /* Tracker.h */,
				275FAC371B127BA500B0A162 /* Utilities.h */,
				275FAC381B127BA500B0A162 /* Wrappers.h */,
			);
			path = ofxCv;
			sourceTree = "<group>";
		};
		275FAC391B127BA500B0A162 /* src */ = {
			isa = PBXGroup;
			children = (
				275FAC3A1B127BA500B0A162 /* Calibration.cpp */,
				275FAC3B1B127BA500B0A162 /* ContourFinder.cpp */,
				275FAC3C1B127BA500B0A162 /* Distance.cpp */,
				275FAC3D1B127BA500B0A162 /* Flow.cpp */,
				275FAC3E1B127BA500B0A162 /* Helpers.cpp */,
				275FAC3F1B127BA500B0A162 /* Kalman.cpp */,
				275FAC401B127BA500B0A162 /* ObjectFinder.cpp */,
				275FAC411B127BA500B0A162 /* RunningBackground.cpp */,
				275FAC421B127BA500B0A162 /* Tracker.cpp */,
				275FAC431B127BA500B0A162 /* Utilities.cpp */,
				275FAC441B127BA500B0A162 /* Wrappers.cpp */,
			);
			path = src;
			sourceTree = "<group>";
		};
		275FAC541B127BA900B0A162 /* ofxFaceTracker */ = {
			isa = PBXGroup;
			children = (
				275FAC551B127BA900B0A162 /* src */,
				275FAC5D1B127BA900B0A162 /* libs */,
			);
			name = ofxFaceTracker;
			sourceTree = "<group>";
		};
		275FAC551B127BA900B0A162 /* src */ = {
			isa = PBXGroup;
			children = (
				275FAC561B127BA900B0A162 /* Expression.cpp */,
				275FAC571B127BA900B0A162 /* Expression.h */,
				275FAC581B127BA900B0A162 /* ExpressionClassifier.cpp */,
				275FAC591B127BA900B0A162 /* ExpressionClassifier.h */,
				275FAC5A1B127BA900B0A162 /* ofxFaceTracker.cpp */,
				275FAC5B1B127BA900B0A162 /* ofxFaceTracker.h */,
				275FAC5C1B127BA900B0A162 /* ofxFaceTrackerThreaded.h */,
			);
			name = src;
			path = ../../../addons/ofxFaceTracker/src;
			sourceTree = "<group>";
		};
		275FAC5D1B127BA900B0A162 /* libs */ = {
			isa = PBXGroup;
			children = (
				275FAC5E1B127BA900B0A162 /* FaceTracker */,
			);
			name = libs;
			path = ../../../addons/ofxFaceTracker/libs;
			sourceTree = "<group>";
		};
		275FAC5E1B127BA900B0A162 /* FaceTracker */ = {
			isa = PBXGroup;
			children = (
				275FAC5F1B127BA900B0A162 /* include */,
				275FAC691B127BA900B0A162 /* license.md */,
				275FAC6A1B127BA900B0A162 /* model */,
				275FAC6F1B127BA900B0A162 /* src */,
			);
			path = FaceTracker;
			sourceTree = "<group>";
		};
		275FAC5F1B127BA900B0A162 /* include */ = {
			isa = PBXGroup;
			children = (
				275FAC601B127BA900B0A162 /* FaceTracker */,
			);
			path = include;
			sourceTree = "<group>";
		};
		275FAC601B127BA900B0A162 /* FaceTracker */ = {
			isa = PBXGroup;
			children = (
				275FAC611B127BA900B0A162 /* CLM.h */,
				275FAC621B127BA900B0A162 /* FCheck.h */,
				275FAC631B127BA900B0A162 /* FDet.h */,
				275FAC641B127BA900B0A162 /* IO.h */,
				275FAC651B127BA900B0A162 /* Patch.h */,
				275FAC661B127BA900B0A162 /* PAW.h */,
				275FAC671B127BA900B0A162 /* PDM.h */,
				275FAC681B127BA900B0A162 /* Tracker.h */,
			);
			path = FaceTracker;
			sourceTree = "<group>";
		};
		275FAC6A1B127BA900B0A162 /* model */ = {
			isa = PBXGroup;
			children = (
				275FAC6B1B127BA900B0A162 /* face.con */,
				275FAC6C1B127BA900B0A162 /* face.tracker */,
				275FAC6D1B127BA900B0A162 /* face.tri */,
				275FAC6E1B127BA900B0A162 /* face2.tracker */,
			);
			path = model;
			sourceTree = "<group>";
		};
		275FAC6F1B127BA900B0A162 /* src */ = {
			isa = PBXGroup;
			children = (
				275FAC701B127BA900B0A162 /* lib */,
			);
			path = src;
			sourceTree = "<group>";
		};
		275FAC701B127BA900B0A162 /* lib */ = {
			isa = PBXGroup;
			children = (
				275FAC711B127BA900B0A162 /* CLM.cc */,
				275FAC721B127BA900B0A162 /* FCheck.cc */,
				275FAC731B127BA900B0A162 /* FDet.cc */,
				275FAC741B127BA900B0A162 /* IO.cc */,
				275FAC751B127BA900B0A162 /* Patch.cc */,
				275FAC761B127BA900B0A162 /* PAW.cc */,
				275FAC771B127BA900B0A162 /* PDM.cc */,
				275FAC781B127BA900B0A162 /* Tracker.cc */,
			);
			path = lib;
			sourceTree = "<group>";
		};
		BB4B014C10F69532006C3DED /* addons */ = {
			isa = PBXGroup;
			children = (
				CA54E0971B4C80A100590FD8 /* ofxOsc */,
				CA54E0581B4C7B9700590FD8 /* ofxSyphon */,
				275FAC1C1B127BA500B0A162 /* ofxCv */,
				275FAC541B127BA900B0A162 /* ofxFaceTracker */,
			);
			name = addons;
			sourceTree = "<group>";
		};
		BBAB23C913894ECA00AA2426 /* system frameworks */ = {
			isa = PBXGroup;
			children = (
				E7F985F515E0DE99003869B5 /* Accelerate.framework */,
				E4C2424410CC5A17004149E2 /* AppKit.framework */,
				E4C2424510CC5A17004149E2 /* Cocoa.framework */,
				E4C2424610CC5A17004149E2 /* IOKit.framework */,
				E45BE9710E8CC7DD009D7055 /* AGL.framework */,
				E45BE9720E8CC7DD009D7055 /* ApplicationServices.framework */,
				E45BE9730E8CC7DD009D7055 /* AudioToolbox.framework */,
				E45BE9750E8CC7DD009D7055 /* CoreAudio.framework */,
				E45BE9760E8CC7DD009D7055 /* CoreFoundation.framework */,
				E45BE9770E8CC7DD009D7055 /* CoreServices.framework */,
				E45BE9790E8CC7DD009D7055 /* OpenGL.framework */,
				E45BE97A0E8CC7DD009D7055 /* QuickTime.framework */,
				E7E077E415D3B63C0020DFD4 /* CoreVideo.framework */,
				E7E077E715D3B6510020DFD4 /* QTKit.framework */,
			);
			name = "system frameworks";
			sourceTree = "<group>";
		};
		BBAB23CA13894EDB00AA2426 /* 3rd party frameworks */ = {
			isa = PBXGroup;
			children = (
				CA54E08F1B4C7C8200590FD8 /* Syphon.framework */,
				BBAB23BE13894E4700AA2426 /* GLUT.framework */,
			);
			name = "3rd party frameworks";
			sourceTree = "<group>";
		};
		CA54E0581B4C7B9700590FD8 /* ofxSyphon */ = {
			isa = PBXGroup;
			children = (
				CA54E0591B4C7B9700590FD8 /* .gitignore */,
				CA54E05A1B4C7B9700590FD8 /* example-Basic */,
				CA54E0671B4C7B9700590FD8 /* example_ServerDirectory */,
				CA54E0771B4C7B9700590FD8 /* libs */,
				CA54E07F1B4C7B9700590FD8 /* License.txt */,
				CA54E0801B4C7B9700590FD8 /* README.md */,
				CA54E0811B4C7B9700590FD8 /* src */,
			);
			name = ofxSyphon;
			path = ../../../addons/ofxSyphon;
			sourceTree = "<group>";
		};
		CA54E05A1B4C7B9700590FD8 /* example-Basic */ = {
			isa = PBXGroup;
			children = (
				CA54E05B1B4C7B9700590FD8 /* bin */,
				CA54E05D1B4C7B9700590FD8 /* ofxSyphonExample.xcodeproj */,
				CA54E0611B4C7B9700590FD8 /* openFrameworks-Info.plist */,
				CA54E0621B4C7B9700590FD8 /* Project.xcconfig */,
				CA54E0631B4C7B9700590FD8 /* src */,
			);
			path = "example-Basic";
			sourceTree = "<group>";
		};
		CA54E05B1B4C7B9700590FD8 /* bin */ = {
			isa = PBXGroup;
			children = (
				CA54E05C1B4C7B9700590FD8 /* ofxSyphonExampleDebug.app */,
			);
			path = bin;
			sourceTree = "<group>";
		};
		CA54E05E1B4C7B9700590FD8 /* Products */ = {
			isa = PBXGroup;
			children = (
				CA54E08E1B4C7B9700590FD8 /* ofxSyphonExampleDebug.app */,
			);
			name = Products;
			sourceTree = "<group>";
		};
		CA54E0631B4C7B9700590FD8 /* src */ = {
			isa = PBXGroup;
			children = (
				CA54E0641B4C7B9700590FD8 /* main.cpp */,
				CA54E0651B4C7B9700590FD8 /* testApp.cpp */,
				CA54E0661B4C7B9700590FD8 /* testApp.h */,
			);
			path = src;
			sourceTree = "<group>";
		};
		CA54E0671B4C7B9700590FD8 /* example_ServerDirectory */ = {
			isa = PBXGroup;
			children = (
				CA54E0681B4C7B9700590FD8 /* addons.make */,
				CA54E0691B4C7B9700590FD8 /* bin */,
				CA54E06B1B4C7B9700590FD8 /* config.make */,
				CA54E06C1B4C7B9700590FD8 /* example_ServerDirectory.xcodeproj */,
				CA54E0701B4C7B9700590FD8 /* Makefile */,
				CA54E0711B4C7B9700590FD8 /* openFrameworks-Info.plist */,
				CA54E0721B4C7B9700590FD8 /* Project.xcconfig */,
				CA54E0731B4C7B9700590FD8 /* src */,
			);
			path = example_ServerDirectory;
			sourceTree = "<group>";
		};
		CA54E0691B4C7B9700590FD8 /* bin */ = {
			isa = PBXGroup;
			children = (
				CA54E06A1B4C7B9700590FD8 /* example_ServerDirectoryDebug.app */,
			);
			path = bin;
			sourceTree = "<group>";
		};
		CA54E06D1B4C7B9700590FD8 /* Products */ = {
			isa = PBXGroup;
			children = (
				CA54E08B1B4C7B9700590FD8 /* example_ServerDirectoryDebug.app */,
			);
			name = Products;
			sourceTree = "<group>";
		};
		CA54E0731B4C7B9700590FD8 /* src */ = {
			isa = PBXGroup;
			children = (
				CA54E0741B4C7B9700590FD8 /* main.cpp */,
				CA54E0751B4C7B9700590FD8 /* ofApp.cpp */,
				CA54E0761B4C7B9700590FD8 /* ofApp.h */,
			);
			path = src;
			sourceTree = "<group>";
		};
		CA54E0771B4C7B9700590FD8 /* libs */ = {
			isa = PBXGroup;
			children = (
				CA54E0781B4C7B9700590FD8 /* Syphon */,
			);
			path = libs;
			sourceTree = "<group>";
		};
		CA54E0781B4C7B9700590FD8 /* Syphon */ = {
			isa = PBXGroup;
			children = (
				CA54E0791B4C7B9700590FD8 /* lib */,
				CA54E07C1B4C7B9700590FD8 /* src */,
			);
			path = Syphon;
			sourceTree = "<group>";
		};
		CA54E0791B4C7B9700590FD8 /* lib */ = {
			isa = PBXGroup;
			children = (
				CA54E07A1B4C7B9700590FD8 /* osx */,
			);
			path = lib;
			sourceTree = "<group>";
		};
		CA54E07A1B4C7B9700590FD8 /* osx */ = {
			isa = PBXGroup;
			children = (
				CA54E07B1B4C7B9700590FD8 /* Syphon.framework */,
			);
			path = osx;
			sourceTree = "<group>";
		};
		CA54E07C1B4C7B9700590FD8 /* src */ = {
			isa = PBXGroup;
			children = (
				CA54E07D1B4C7B9700590FD8 /* SyphonNameboundClient.h */,
				CA54E07E1B4C7B9700590FD8 /* SyphonNameboundClient.m */,
			);
			path = src;
			sourceTree = "<group>";
		};
		CA54E0811B4C7B9700590FD8 /* src */ = {
			isa = PBXGroup;
			children = (
				CA54E0821B4C7B9700590FD8 /* ofxSyphon.h */,
				CA54E0831B4C7B9700590FD8 /* ofxSyphonClient.h */,
				CA54E0841B4C7B9700590FD8 /* ofxSyphonClient.mm */,
				CA54E0851B4C7B9700590FD8 /* ofxSyphonServer.h */,
				CA54E0861B4C7B9700590FD8 /* ofxSyphonServer.mm */,
				CA54E0871B4C7B9700590FD8 /* ofxSyphonServerDirectory.h */,
				CA54E0881B4C7B9700590FD8 /* ofxSyphonServerDirectory.mm */,
			);
			path = src;
			sourceTree = "<group>";
		};
		CA54E0971B4C80A100590FD8 /* ofxOsc */ = {
			isa = PBXGroup;
			children = (
				CA54E0981B4C80A100590FD8 /* libs */,
				CA54E0B51B4C80A100590FD8 /* src */,
			);
			name = ofxOsc;
			path = ../../../addons/ofxOsc;
			sourceTree = "<group>";
		};
		CA54E0981B4C80A100590FD8 /* libs */ = {
			isa = PBXGroup;
			children = (
				CA54E0991B4C80A100590FD8 /* oscpack */,
			);
			path = libs;
			sourceTree = "<group>";
		};
		CA54E0991B4C80A100590FD8 /* oscpack */ = {
			isa = PBXGroup;
			children = (
				CA54E09A1B4C80A100590FD8 /* src */,
			);
			path = oscpack;
			sourceTree = "<group>";
		};
		CA54E09A1B4C80A100590FD8 /* src */ = {
			isa = PBXGroup;
			children = (
				CA54E09B1B4C80A100590FD8 /* ip */,
				CA54E0A81B4C80A100590FD8 /* osc */,
			);
			path = src;
			sourceTree = "<group>";
		};
		CA54E09B1B4C80A100590FD8 /* ip */ = {
			isa = PBXGroup;
			children = (
				CA54E09C1B4C80A100590FD8 /* IpEndpointName.cpp */,
				CA54E09D1B4C80A100590FD8 /* IpEndpointName.h */,
				CA54E09E1B4C80A100590FD8 /* NetworkingUtils.h */,
				CA54E09F1B4C80A100590FD8 /* PacketListener.h */,
				CA54E0A01B4C80A100590FD8 /* posix */,
				CA54E0A31B4C80A100590FD8 /* TimerListener.h */,
				CA54E0A41B4C80A100590FD8 /* UdpSocket.h */,
				CA54E0A51B4C80A100590FD8 /* win32 */,
			);
			path = ip;
			sourceTree = "<group>";
		};
		CA54E0A01B4C80A100590FD8 /* posix */ = {
			isa = PBXGroup;
			children = (
				CA54E0A11B4C80A100590FD8 /* NetworkingUtils.cpp */,
				CA54E0A21B4C80A100590FD8 /* UdpSocket.cpp */,
			);
			path = posix;
			sourceTree = "<group>";
		};
		CA54E0A51B4C80A100590FD8 /* win32 */ = {
			isa = PBXGroup;
			children = (
				CA54E0A61B4C80A100590FD8 /* NetworkingUtilsWin.cpp */,
				CA54E0A71B4C80A100590FD8 /* UdpSocketWin.cpp */,
			);
			path = win32;
			sourceTree = "<group>";
		};
		CA54E0A81B4C80A100590FD8 /* osc */ = {
			isa = PBXGroup;
			children = (
				CA54E0A91B4C80A100590FD8 /* MessageMappingOscPacketListener.h */,
				CA54E0AA1B4C80A100590FD8 /* OscException.h */,
				CA54E0AB1B4C80A100590FD8 /* OscHostEndianness.h */,
				CA54E0AC1B4C80A100590FD8 /* OscOutboundPacketStream.cpp */,
				CA54E0AD1B4C80A100590FD8 /* OscOutboundPacketStream.h */,
				CA54E0AE1B4C80A100590FD8 /* OscPacketListener.h */,
				CA54E0AF1B4C80A100590FD8 /* OscPrintReceivedElements.cpp */,
				CA54E0B01B4C80A100590FD8 /* OscPrintReceivedElements.h */,
				CA54E0B11B4C80A100590FD8 /* OscReceivedElements.cpp */,
				CA54E0B21B4C80A100590FD8 /* OscReceivedElements.h */,
				CA54E0B31B4C80A100590FD8 /* OscTypes.cpp */,
				CA54E0B41B4C80A100590FD8 /* OscTypes.h */,
			);
			path = osc;
			sourceTree = "<group>";
		};
		CA54E0B51B4C80A100590FD8 /* src */ = {
			isa = PBXGroup;
			children = (
				CA54E0B61B4C80A100590FD8 /* ofxOsc.h */,
				CA54E0B71B4C80A100590FD8 /* ofxOscArg.h */,
				CA54E0B81B4C80A100590FD8 /* ofxOscBundle.cpp */,
				CA54E0B91B4C80A100590FD8 /* ofxOscBundle.h */,
				CA54E0BA1B4C80A100590FD8 /* ofxOscMessage.cpp */,
				CA54E0BB1B4C80A100590FD8 /* ofxOscMessage.h */,
				CA54E0BC1B4C80A100590FD8 /* ofxOscParameterSync.cpp */,
				CA54E0BD1B4C80A100590FD8 /* ofxOscParameterSync.h */,
				CA54E0BE1B4C80A100590FD8 /* ofxOscReceiver.cpp */,
				CA54E0BF1B4C80A100590FD8 /* ofxOscReceiver.h */,
				CA54E0C01B4C80A100590FD8 /* ofxOscSender.cpp */,
				CA54E0C11B4C80A100590FD8 /* ofxOscSender.h */,
			);
			path = src;
			sourceTree = "<group>";
		};
		E4328144138ABC890047C5CB /* Products */ = {
			isa = PBXGroup;
			children = (
				E4328148138ABC890047C5CB /* openFrameworksDebug.a */,
			);
			name = Products;
			sourceTree = "<group>";
		};
		E45BE5980E8CC70C009D7055 /* frameworks */ = {
			isa = PBXGroup;
			children = (
				BBAB23CA13894EDB00AA2426 /* 3rd party frameworks */,
				BBAB23C913894ECA00AA2426 /* system frameworks */,
			);
			name = frameworks;
			sourceTree = "<group>";
		};
		E4B69B4A0A3A1720003C02F2 = {
			isa = PBXGroup;
			children = (
				E4B6FCAD0C3E899E008CF71C /* openFrameworks-Info.plist */,
				E4EB6923138AFD0F00A09F29 /* Project.xcconfig */,
				E4B69E1C0A3A1BDC003C02F2 /* src */,
				E4EEC9E9138DF44700A80321 /* openFrameworks */,
				BB4B014C10F69532006C3DED /* addons */,
				E45BE5980E8CC70C009D7055 /* frameworks */,
				E4B69B5B0A3A1756003C02F2 /* ofAppDebug.app */,
			);
			sourceTree = "<group>";
		};
		E4B69E1C0A3A1BDC003C02F2 /* src */ = {
			isa = PBXGroup;
			children = (
				275FAC851B127C4300B0A162 /* Clone.cpp */,
				275FAC861B127C4300B0A162 /* Clone.h */,
				E4B69E1D0A3A1BDC003C02F2 /* main.cpp */,
				275FAC191B127B7300B0A162 /* testApp.cpp */,
				275FAC1A1B127B7300B0A162 /* testApp.h */,
			);
			path = src;
			sourceTree = SOURCE_ROOT;
		};
		E4EEC9E9138DF44700A80321 /* openFrameworks */ = {
			isa = PBXGroup;
			children = (
				E4EB691F138AFCF100A09F29 /* CoreOF.xcconfig */,
				E4328143138ABC890047C5CB /* openFrameworksLib.xcodeproj */,
			);
			name = openFrameworks;
			sourceTree = "<group>";
		};
/* End PBXGroup section */

/* Begin PBXNativeTarget section */
		E4B69B5A0A3A1756003C02F2 /* ofApp */ = {
			isa = PBXNativeTarget;
			buildConfigurationList = E4B69B5F0A3A1757003C02F2 /* Build configuration list for PBXNativeTarget "ofApp" */;
			buildPhases = (
				E4B69B580A3A1756003C02F2 /* Sources */,
				E4B69B590A3A1756003C02F2 /* Frameworks */,
				E4B6FFFD0C3F9AB9008CF71C /* ShellScript */,
				E4C2427710CC5ABF004149E2 /* CopyFiles */,
			);
			buildRules = (
			);
			dependencies = (
				E4EEB9AC138B136A00A80321 /* PBXTargetDependency */,
			);
			name = ofApp;
			productName = myOFApp;
			productReference = E4B69B5B0A3A1756003C02F2 /* ofAppDebug.app */;
			productType = "com.apple.product-type.application";
		};
/* End PBXNativeTarget section */

/* Begin PBXProject section */
		E4B69B4C0A3A1720003C02F2 /* Project object */ = {
			isa = PBXProject;
			attributes = {
				LastUpgradeCheck = 0460;
			};
			buildConfigurationList = E4B69B4D0A3A1720003C02F2 /* Build configuration list for PBXProject "ofApp" */;
			compatibilityVersion = "Xcode 3.2";
			developmentRegion = English;
			hasScannedForEncodings = 0;
			knownRegions = (
				English,
				Japanese,
				French,
				German,
			);
			mainGroup = E4B69B4A0A3A1720003C02F2;
			productRefGroup = E4B69B4A0A3A1720003C02F2;
			projectDirPath = "";
			projectReferences = (
				{
					ProductGroup = CA54E06D1B4C7B9700590FD8 /* Products */;
					ProjectRef = CA54E06C1B4C7B9700590FD8 /* example_ServerDirectory.xcodeproj */;
				},
				{
					ProductGroup = CA54E05E1B4C7B9700590FD8 /* Products */;
					ProjectRef = CA54E05D1B4C7B9700590FD8 /* ofxSyphonExample.xcodeproj */;
				},
				{
					ProductGroup = E4328144138ABC890047C5CB /* Products */;
					ProjectRef = E4328143138ABC890047C5CB /* openFrameworksLib.xcodeproj */;
				},
			);
			projectRoot = "";
			targets = (
				E4B69B5A0A3A1756003C02F2 /* ofApp */,
			);
		};
/* End PBXProject section */

/* Begin PBXReferenceProxy section */
		CA54E08B1B4C7B9700590FD8 /* example_ServerDirectoryDebug.app */ = {
			isa = PBXReferenceProxy;
			fileType = wrapper.application;
			path = example_ServerDirectoryDebug.app;
			remoteRef = CA54E08A1B4C7B9700590FD8 /* PBXContainerItemProxy */;
			sourceTree = BUILT_PRODUCTS_DIR;
		};
		CA54E08E1B4C7B9700590FD8 /* ofxSyphonExampleDebug.app */ = {
			isa = PBXReferenceProxy;
			fileType = wrapper.application;
			path = ofxSyphonExampleDebug.app;
			remoteRef = CA54E08D1B4C7B9700590FD8 /* PBXContainerItemProxy */;
			sourceTree = BUILT_PRODUCTS_DIR;
		};
		E4328148138ABC890047C5CB /* openFrameworksDebug.a */ = {
			isa = PBXReferenceProxy;
			fileType = archive.ar;
			path = openFrameworksDebug.a;
			remoteRef = E4328147138ABC890047C5CB /* PBXContainerItemProxy */;
			sourceTree = BUILT_PRODUCTS_DIR;
		};
/* End PBXReferenceProxy section */

/* Begin PBXShellScriptBuildPhase section */
		E4B6FFFD0C3F9AB9008CF71C /* ShellScript */ = {
			isa = PBXShellScriptBuildPhase;
			buildActionMask = 2147483647;
			files = (
			);
			inputPaths = (
			);
			outputPaths = (
			);
			runOnlyForDeploymentPostprocessing = 0;
			shellPath = /bin/sh;
			shellScript = "cp -f ../../../libs/fmodex/lib/osx/libfmodex.dylib \"$TARGET_BUILD_DIR/$PRODUCT_NAME.app/Contents/MacOS/libfmodex.dylib\"; install_name_tool -change ./libfmodex.dylib @executable_path/libfmodex.dylib \"$TARGET_BUILD_DIR/$PRODUCT_NAME.app/Contents/MacOS/$PRODUCT_NAME\";\nmkdir -p \"$TARGET_BUILD_DIR/$PRODUCT_NAME.app/Contents/Resources/\"\ncp -f \"$ICON_FILE\" \"$TARGET_BUILD_DIR/$PRODUCT_NAME.app/Contents/Resources/\"\n";
		};
/* End PBXShellScriptBuildPhase section */

/* Begin PBXSourcesBuildPhase section */
		E4B69B580A3A1756003C02F2 /* Sources */ = {
			isa = PBXSourcesBuildPhase;
			buildActionMask = 2147483647;
			files = (
				CA54E0D01B4C82EA00590FD8 /* UdpSocketWin.cpp in Sources */,
				CA54E0CF1B4C82C900590FD8 /* NetworkingUtilsWin.cpp in Sources */,
				CA54E0CE1B4C82B000590FD8 /* UdpSocket.cpp in Sources */,
				CA54E0CD1B4C82A000590FD8 /* NetworkingUtils.cpp in Sources */,
				CA54E0CC1B4C828800590FD8 /* IpEndpointName.cpp in Sources */,
				CA54E0C21B4C80BD00590FD8 /* OscOutboundPacketStream.cpp in Sources */,
				CA54E0C31B4C80BD00590FD8 /* OscPrintReceivedElements.cpp in Sources */,
				CA54E0C41B4C80BD00590FD8 /* OscReceivedElements.cpp in Sources */,
				CA54E0C51B4C80BD00590FD8 /* OscTypes.cpp in Sources */,
				CA54E0C61B4C80BD00590FD8 /* ofxOscBundle.cpp in Sources */,
				CA54E0C71B4C80BD00590FD8 /* ofxOscMessage.cpp in Sources */,
				CA54E0C81B4C80BD00590FD8 /* ofxOscParameterSync.cpp in Sources */,
				CA54E0C91B4C80BD00590FD8 /* ofxOscReceiver.cpp in Sources */,
				CA54E0CA1B4C80BD00590FD8 /* ofxOscSender.cpp in Sources */,
				CA54E0931B4C7D2200590FD8 /* SyphonNameboundClient.m in Sources */,
				CA54E0941B4C7D2200590FD8 /* ofxSyphonClient.mm in Sources */,
				CA54E0951B4C7D2200590FD8 /* ofxSyphonServer.mm in Sources */,
				CA54E0961B4C7D2200590FD8 /* ofxSyphonServerDirectory.mm in Sources */,
				275FAC4C1B127BA500B0A162 /* Helpers.cpp in Sources */,
				275FAC501B127BA500B0A162 /* Tracker.cpp in Sources */,
				275FAC7F1B127BA900B0A162 /* FDet.cc in Sources */,
				275FAC491B127BA500B0A162 /* ContourFinder.cpp in Sources */,
				275FAC4B1B127BA500B0A162 /* Flow.cpp in Sources */,
				275FAC821B127BA900B0A162 /* PAW.cc in Sources */,
				275FAC521B127BA500B0A162 /* Wrappers.cpp in Sources */,
				275FAC7E1B127BA900B0A162 /* FCheck.cc in Sources */,
				275FAC461B127BA500B0A162 /* ETF.cpp in Sources */,
				275FAC471B127BA500B0A162 /* fdog.cpp in Sources */,
				275FAC511B127BA500B0A162 /* Utilities.cpp in Sources */,
				275FAC801B127BA900B0A162 /* IO.cc in Sources */,
				275FAC4D1B127BA500B0A162 /* Kalman.cpp in Sources */,
				275FAC831B127BA900B0A162 /* PDM.cc in Sources */,
				275FAC811B127BA900B0A162 /* Patch.cc in Sources */,
				E4B69E200A3A1BDC003C02F2 /* main.cpp in Sources */,
				275FAC7D1B127BA900B0A162 /* CLM.cc in Sources */,
				275FAC841B127BA900B0A162 /* Tracker.cc in Sources */,
				275FAC7A1B127BA900B0A162 /* ExpressionClassifier.cpp in Sources */,
				275FAC4F1B127BA500B0A162 /* RunningBackground.cpp in Sources */,
				275FAC481B127BA500B0A162 /* Calibration.cpp in Sources */,
				275FAC1B1B127B7300B0A162 /* testApp.cpp in Sources */,
				275FAC4A1B127BA500B0A162 /* Distance.cpp in Sources */,
				275FAC7C1B127BA900B0A162 /* license.md in Sources */,
				275FAC7B1B127BA900B0A162 /* ofxFaceTracker.cpp in Sources */,
				275FAC4E1B127BA500B0A162 /* ObjectFinder.cpp in Sources */,
				275FAC791B127BA900B0A162 /* Expression.cpp in Sources */,
				275FAC871B127C4300B0A162 /* Clone.cpp in Sources */,
			);
			runOnlyForDeploymentPostprocessing = 0;
		};
/* End PBXSourcesBuildPhase section */

/* Begin PBXTargetDependency section */
		E4EEB9AC138B136A00A80321 /* PBXTargetDependency */ = {
			isa = PBXTargetDependency;
			name = openFrameworks;
			targetProxy = E4EEB9AB138B136A00A80321 /* PBXContainerItemProxy */;
		};
/* End PBXTargetDependency section */

/* Begin XCBuildConfiguration section */
		E4B69B4E0A3A1720003C02F2 /* Debug */ = {
			isa = XCBuildConfiguration;
			baseConfigurationReference = E4EB6923138AFD0F00A09F29 /* Project.xcconfig */;
			buildSettings = {
				ARCHS = "$(NATIVE_ARCH)";
				CONFIGURATION_BUILD_DIR = "$(SRCROOT)/bin/";
				COPY_PHASE_STRIP = NO;
				DEAD_CODE_STRIPPING = YES;
				GCC_AUTO_VECTORIZATION = YES;
				GCC_ENABLE_SSE3_EXTENSIONS = YES;
				GCC_ENABLE_SUPPLEMENTAL_SSE3_INSTRUCTIONS = YES;
				GCC_INLINES_ARE_PRIVATE_EXTERN = NO;
				GCC_OPTIMIZATION_LEVEL = 0;
				GCC_SYMBOLS_PRIVATE_EXTERN = NO;
				GCC_WARN_ABOUT_DEPRECATED_FUNCTIONS = YES;
				GCC_WARN_ABOUT_INVALID_OFFSETOF_MACRO = NO;
				GCC_WARN_ALLOW_INCOMPLETE_PROTOCOL = NO;
				GCC_WARN_UNINITIALIZED_AUTOS = NO;
				GCC_WARN_UNUSED_VALUE = NO;
				GCC_WARN_UNUSED_VARIABLE = NO;
				MACOSX_DEPLOYMENT_TARGET = 10.6;
				OTHER_CPLUSPLUSFLAGS = (
					"-D__MACOSX_CORE__",
					"-lpthread",
					"-mtune=native",
				);
				SDKROOT = macosx;
			};
			name = Debug;
		};
		E4B69B4F0A3A1720003C02F2 /* Release */ = {
			isa = XCBuildConfiguration;
			baseConfigurationReference = E4EB6923138AFD0F00A09F29 /* Project.xcconfig */;
			buildSettings = {
				ARCHS = "$(NATIVE_ARCH)";
				CONFIGURATION_BUILD_DIR = "$(SRCROOT)/bin/";
				COPY_PHASE_STRIP = YES;
				DEAD_CODE_STRIPPING = YES;
				GCC_AUTO_VECTORIZATION = YES;
				GCC_ENABLE_SSE3_EXTENSIONS = YES;
				GCC_ENABLE_SUPPLEMENTAL_SSE3_INSTRUCTIONS = YES;
				GCC_INLINES_ARE_PRIVATE_EXTERN = NO;
				GCC_OPTIMIZATION_LEVEL = 3;
				GCC_SYMBOLS_PRIVATE_EXTERN = NO;
				GCC_UNROLL_LOOPS = YES;
				GCC_WARN_ABOUT_DEPRECATED_FUNCTIONS = YES;
				GCC_WARN_ABOUT_INVALID_OFFSETOF_MACRO = NO;
				GCC_WARN_ALLOW_INCOMPLETE_PROTOCOL = NO;
				GCC_WARN_UNINITIALIZED_AUTOS = NO;
				GCC_WARN_UNUSED_VALUE = NO;
				GCC_WARN_UNUSED_VARIABLE = NO;
				MACOSX_DEPLOYMENT_TARGET = 10.6;
				OTHER_CPLUSPLUSFLAGS = (
					"-D__MACOSX_CORE__",
					"-lpthread",
					"-mtune=native",
				);
				SDKROOT = macosx;
			};
			name = Release;
		};
		E4B69B600A3A1757003C02F2 /* Debug */ = {
			isa = XCBuildConfiguration;
			buildSettings = {
				COMBINE_HIDPI_IMAGES = YES;
				COPY_PHASE_STRIP = NO;
				FRAMEWORK_SEARCH_PATHS = (
					"$(inherited)",
					"$(FRAMEWORK_SEARCH_PATHS_QUOTED_FOR_TARGET_1)",
					../../../addons/ofxSyphon/libs/Syphon/lib/osx,
					/Users/ralph/Downloads/of_v0.8.4_osx_release/addons/ofxSyphon/libs/Syphon/lib/osx,
				);
				FRAMEWORK_SEARCH_PATHS_QUOTED_FOR_TARGET_1 = "\"$(SRCROOT)/../../../libs/glut/lib/osx\"";
				GCC_DYNAMIC_NO_PIC = NO;
				GCC_GENERATE_DEBUGGING_SYMBOLS = YES;
				GCC_MODEL_TUNING = NONE;
				ICON = "$(ICON_NAME_DEBUG)";
				ICON_FILE = "$(ICON_FILE_PATH)$(ICON)";
				INFOPLIST_FILE = "openFrameworks-Info.plist";
				INSTALL_PATH = "$(HOME)/Applications";
				LD_RUNPATH_SEARCH_PATHS = "$(inherited) @executable_path/../Frameworks";
				LIBRARY_SEARCH_PATHS = "";
				PRODUCT_NAME = "$(TARGET_NAME)Debug";
				USER_HEADER_SEARCH_PATHS = "../../../addons/ofxCv/../ofxOpenCv/libs/opencv/include ../../../addons/ofxCv/libs/ofxCv/include/ ../../../addons/ofxCv/libs/CLD/include/ ../../../addons/ofxFaceTracker/libs/FaceTracker/include/";
				WRAPPER_EXTENSION = app;
			};
			name = Debug;
		};
		E4B69B610A3A1757003C02F2 /* Release */ = {
			isa = XCBuildConfiguration;
			buildSettings = {
				COMBINE_HIDPI_IMAGES = YES;
				COPY_PHASE_STRIP = YES;
				FRAMEWORK_SEARCH_PATHS = (
					"$(inherited)",
					"$(FRAMEWORK_SEARCH_PATHS_QUOTED_FOR_TARGET_1)",
					../../../addons/ofxSyphon/libs/Syphon/lib/osx,
					/Users/ralph/Downloads/of_v0.8.4_osx_release/addons/ofxSyphon/libs/Syphon/lib/osx,
				);
				FRAMEWORK_SEARCH_PATHS_QUOTED_FOR_TARGET_1 = "\"$(SRCROOT)/../../../libs/glut/lib/osx\"";
				GCC_GENERATE_DEBUGGING_SYMBOLS = YES;
				GCC_MODEL_TUNING = NONE;
				ICON = "$(ICON_NAME_RELEASE)";
				ICON_FILE = "$(ICON_FILE_PATH)$(ICON)";
				INFOPLIST_FILE = "openFrameworks-Info.plist";
				INSTALL_PATH = "$(HOME)/Applications";
				LD_RUNPATH_SEARCH_PATHS = "$(inherited) @executable_path/../Frameworks";
				LIBRARY_SEARCH_PATHS = "";
				PRODUCT_NAME = "$(TARGET_NAME)";
				USER_HEADER_SEARCH_PATHS = "../../../addons/ofxCv/../ofxOpenCv/libs/opencv/include ../../../addons/ofxCv/libs/ofxCv/include/ ../../../addons/ofxCv/libs/CLD/include/ ../../../addons/ofxFaceTracker/libs/FaceTracker/include/";
				WRAPPER_EXTENSION = app;
			};
			name = Release;
		};
/* End XCBuildConfiguration section */

/* Begin XCConfigurationList section */
		E4B69B4D0A3A1720003C02F2 /* Build configuration list for PBXProject "ofApp" */ = {
			isa = XCConfigurationList;
			buildConfigurations = (
				E4B69B4E0A3A1720003C02F2 /* Debug */,
				E4B69B4F0A3A1720003C02F2 /* Release */,
			);
			defaultConfigurationIsVisible = 0;
			defaultConfigurationName = Release;
		};
		E4B69B5F0A3A1757003C02F2 /* Build configuration list for PBXNativeTarget "ofApp" */ = {
			isa = XCConfigurationList;
			buildConfigurations = (
				E4B69B600A3A1757003C02F2 /* Debug */,
				E4B69B610A3A1757003C02F2 /* Release */,
			);
			defaultConfigurationIsVisible = 0;
			defaultConfigurationName = Release;
		};
/* End XCConfigurationList section */
	};
	rootObject = E4B69B4C0A3A1720003C02F2 /* Project object */;
}
